
Microsoft Visual Studio Solution File, Format Version 12.00
# Visual Studio Version 17
VisualStudioVersion = 17.2.32630.192
MinimumVisualStudioVersion = 10.0.40219.1
Project("{FAE04EC0-301F-11D3-BF4B-00C04F79EFBC}") = "WxOAuthManager", "WxOAuthManager\WxOAuthManager.csproj", "{E9E074F0-A009-4792-82F1-EFAD4B4BFBD3}"
EndProject
Global
	GlobalSection(SolutionConfigurationPlatforms) = preSolution
		Debug|Any CPU = Debug|Any CPU
		Release|Any CPU = Release|Any CPU
	EndGlobalSection
	GlobalSection(ProjectConfigurationPlatforms) = postSolution
		{E9E074F0-A009-4792-82F1-EFAD4B4BFBD3}.Debug|Any CPU.ActiveCfg = Debug|Any CPU
		{E9E074F0-A009-4792-82F1-EFAD4B4BFBD3}.Debug|Any CPU.Build.0 = Debug|Any CPU
		{E9E074F0-A009-4792-82F1-EFAD4B4BFBD3}.Release|Any CPU.ActiveCfg = Release|Any CPU
		{E9E074F0-A009-4792-82F1-EFAD4B4BFBD3}.Release|Any CPU.Build.0 = Release|Any CPU
	EndGlobalSection
	GlobalSection(SolutionProperties) = preSolution
		HideSolutionNode = FALSE
	EndGlobalSection
	GlobalSection(ExtensibilityGlobals) = postSolution
		SolutionGuid = {8871E770-2AFF-45CD-9972-68F68BDC4922}
	EndGlobalSection
EndGlobal
